# This file is automatically @generated by Poetry 1.5.1 and should not be changed by hand.

[[package]]
name = "pyvisa"
version = "1.13.0"
description = "Python VISA bindings for GPIB, RS232, TCPIP and USB instruments"
optional = false
python-versions = ">=3.8"
files = [
    {file = "PyVISA-1.13.0-py3-none-any.whl", hash = "sha256:805c55a514b1993dd1e0e2b18377f36fb3db6c2cd4953886144307d0c80795ce"},
    {file = "PyVISA-1.13.0.tar.gz", hash = "sha256:89fa008b58465c928655459508513c51e942ca7bf3e2a727da869366e0c8f9c6"},
]

[package.dependencies]
typing-extensions = "*"

[[package]]
name = "typing-extensions"
version = "4.6.2"
description = "Backported and Experimental Type Hints for Python 3.7+"
optional = false
python-versions = ">=3.7"
files = [
    {file = "typing_extensions-4.6.2-py3-none-any.whl", hash = "sha256:3a8b36f13dd5fdc5d1b16fe317f5668545de77fa0b8e02006381fd49d731ab98"},
    {file = "typing_extensions-4.6.2.tar.gz", hash = "sha256:06006244c70ac8ee83fa8282cb188f697b8db25bc8b4df07be1873c43897060c"},
]

[metadata]
lock-version = "2.0"
python-versions = "^3.9, <3.11"
content-hash = "11c5025e4ca4d66df08fda5a858803922fe1668c30ce94b7282e807f115c0ffd"
